
Microsoft Visual Studio Solution File, Format Version 12.00
# Visual Studio 14
VisualStudioVersion = 14.0.25420.1
MinimumVisualStudioVersion = 10.0.40219.1
Project("{8BC9CEB8-8B4A-11D0-8D11-00A0C91BC942}") = "metoda_rotatiilor", "metoda_rotatiilor.vcxproj", "{8CBE6A57-7761-46B2-A7FE-A0C11C6ED338}"
EndProject
Global
	GlobalSection(SolutionConfigurationPlatforms) = preSolution
		Debug|x86 = Debug|x86
		Release|x86 = Release|x86
	EndGlobalSection
	GlobalSection(ProjectConfigurationPlatforms) = postSolution
		{8CBE6A57-7761-46B2-A7FE-A0C11C6ED338}.Debug|x86.ActiveCfg = Debug|Win32
		{8CBE6A57-7761-46B2-A7FE-A0C11C6ED338}.Debug|x86.Build.0 = Debug|Win32
		{8CBE6A57-7761-46B2-A7FE-A0C11C6ED338}.Release|x86.ActiveCfg = Release|Win32
		{8CBE6A57-7761-46B2-A7FE-A0C11C6ED338}.Release|x86.Build.0 = Release|Win32
	EndGlobalSection
	GlobalSection(SolutionProperties) = preSolution
		HideSolutionNode = FALSE
	EndGlobalSection
EndGlobal
